
Microsoft Visual Studio Solution File, Format Version 12.00
# Visual Studio 15
VisualStudioVersion = 15.0.28307.572
MinimumVisualStudioVersion = 10.0.40219.1
Project("{9A19103F-16F7-4668-BE54-9A1E7A4F7556}") = "BackLog", "BackLog\BackLog.csproj", "{4F2D22D2-B116-4FA5-948F-45B2D42E40B5}"
EndProject
Project("{FAE04EC0-301F-11D3-BF4B-00C04F79EFBC}") = "UnitOfWork", "UnitOfWork\UnitOfWork.csproj", "{580D3175-AC38-4BBE-99F2-76D1B8B134D7}"
EndProject
Project("{FAE04EC0-301F-11D3-BF4B-00C04F79EFBC}") = "Service", "Service\Service.csproj", "{478A1FEF-5F01-4966-9789-A2A26B98E392}"
EndProject
Global
	GlobalSection(SolutionConfigurationPlatforms) = preSolution
		Debug|Any CPU = Debug|Any CPU
		Release|Any CPU = Release|Any CPU
	EndGlobalSection
	GlobalSection(ProjectConfigurationPlatforms) = postSolution
		{4F2D22D2-B116-4FA5-948F-45B2D42E40B5}.Debug|Any CPU.ActiveCfg = Debug|Any CPU
		{4F2D22D2-B116-4FA5-948F-45B2D42E40B5}.Debug|Any CPU.Build.0 = Debug|Any CPU
		{4F2D22D2-B116-4FA5-948F-45B2D42E40B5}.Release|Any CPU.ActiveCfg = Release|Any CPU
		{4F2D22D2-B116-4FA5-948F-45B2D42E40B5}.Release|Any CPU.Build.0 = Release|Any CPU
		{580D3175-AC38-4BBE-99F2-76D1B8B134D7}.Debug|Any CPU.ActiveCfg = Debug|Any CPU
		{580D3175-AC38-4BBE-99F2-76D1B8B134D7}.Debug|Any CPU.Build.0 = Debug|Any CPU
		{580D3175-AC38-4BBE-99F2-76D1B8B134D7}.Release|Any CPU.ActiveCfg = Release|Any CPU
		{580D3175-AC38-4BBE-99F2-76D1B8B134D7}.Release|Any CPU.Build.0 = Release|Any CPU
		{478A1FEF-5F01-4966-9789-A2A26B98E392}.Debug|Any CPU.ActiveCfg = Debug|Any CPU
		{478A1FEF-5F01-4966-9789-A2A26B98E392}.Debug|Any CPU.Build.0 = Debug|Any CPU
		{478A1FEF-5F01-4966-9789-A2A26B98E392}.Release|Any CPU.ActiveCfg = Release|Any CPU
		{478A1FEF-5F01-4966-9789-A2A26B98E392}.Release|Any CPU.Build.0 = Release|Any CPU
	EndGlobalSection
	GlobalSection(SolutionProperties) = preSolution
		HideSolutionNode = FALSE
	EndGlobalSection
	GlobalSection(ExtensibilityGlobals) = postSolution
		SolutionGuid = {E89BB6A1-27B2-4499-A1B9-E3EB15356CB7}
	EndGlobalSection
EndGlobal
